{
  "name": "accessmap_dashboard",
  "version": "1.0.0",
  "lockfileVersion": 1,
  "requires": true,
  "dependencies": {
    "geojson": {
      "version": "0.4.1",
      "resolved": "https://registry.npmjs.org/geojson/-/geojson-0.4.1.tgz",
      "integrity": "sha1-wO3EGiL8n0ZnxAL5ZrFRWPQ8Adg="
    }
  }
}
